# Code generated by scarb DO NOT EDIT.
version = 1

[[package]]
name = "lending_protocol"
version = "0.1.0"
dependencies = [
 "solvency_registry",
 "solvency_verifier",
]

[[package]]
name = "solvency_registry"
version = "0.1.0"
dependencies = [
 "solvency_verifier",
]

[[package]]
name = "solvency_verifier"
version = "0.1.0"
